
Microsoft Visual Studio Solution File, Format Version 12.00
# Visual Studio Version 16
VisualStudioVersion = 16.0.30011.22
MinimumVisualStudioVersion = 10.0.40219.1
Project("{9A19103F-16F7-4668-BE54-9A1E7A4F7556}") = "WaybackMachine.DotNet.Client", "WaybackMachine.DotNet.Client.csproj", "{CAE86A52-D6F1-4928-BBE7-4DD22016019C}"
EndProject
Project("{FAE04EC0-301F-11D3-BF4B-00C04F79EFBC}") = "WaybackMachine.DotNet.Client.Test", "..\WaybackMachine.DotNet.Client.Test\WaybackMachine.DotNet.Client.Test.csproj", "{F837F8B8-258E-4193-B1B0-792A4EAC4C81}"
EndProject
Project("{2150E333-8FDC-42A3-9474-1A3956D46DE8}") = "Solution Items", "Solution Items", "{A026C91A-EB91-417D-8523-5A996A7120C1}"
	ProjectSection(SolutionItems) = preProject
		..\..\.gitignore = ..\..\.gitignore
		..\..\README.md = ..\..\README.md
	EndProjectSection
EndProject
Global
	GlobalSection(SolutionConfigurationPlatforms) = preSolution
		Debug|Any CPU = Debug|Any CPU
		Release|Any CPU = Release|Any CPU
	EndGlobalSection
	GlobalSection(ProjectConfigurationPlatforms) = postSolution
		{CAE86A52-D6F1-4928-BBE7-4DD22016019C}.Debug|Any CPU.ActiveCfg = Debug|Any CPU
		{CAE86A52-D6F1-4928-BBE7-4DD22016019C}.Debug|Any CPU.Build.0 = Debug|Any CPU
		{CAE86A52-D6F1-4928-BBE7-4DD22016019C}.Release|Any CPU.ActiveCfg = Release|Any CPU
		{CAE86A52-D6F1-4928-BBE7-4DD22016019C}.Release|Any CPU.Build.0 = Release|Any CPU
		{F837F8B8-258E-4193-B1B0-792A4EAC4C81}.Debug|Any CPU.ActiveCfg = Debug|Any CPU
		{F837F8B8-258E-4193-B1B0-792A4EAC4C81}.Debug|Any CPU.Build.0 = Debug|Any CPU
		{F837F8B8-258E-4193-B1B0-792A4EAC4C81}.Release|Any CPU.ActiveCfg = Release|Any CPU
		{F837F8B8-258E-4193-B1B0-792A4EAC4C81}.Release|Any CPU.Build.0 = Release|Any CPU
	EndGlobalSection
	GlobalSection(SolutionProperties) = preSolution
		HideSolutionNode = FALSE
	EndGlobalSection
	GlobalSection(ExtensibilityGlobals) = postSolution
		SolutionGuid = {3886816A-A8ED-4600-BC61-28186BBEA2E3}
	EndGlobalSection
EndGlobal
