
Microsoft Visual Studio Solution File, Format Version 12.00
# Visual Studio Version 16
VisualStudioVersion = 16.0.30011.22
MinimumVisualStudioVersion = 10.0.40219.1
Project("{FAE04EC0-301F-11D3-BF4B-00C04F79EFBC}") = "RazorPages.Example", "RazorPages.Example.csproj", "{591FF16D-1CCA-4796-8757-DEECC1F6F7F8}"
EndProject
Global
	GlobalSection(SolutionConfigurationPlatforms) = preSolution
		Debug|Any CPU = Debug|Any CPU
		Release|Any CPU = Release|Any CPU
	EndGlobalSection
	GlobalSection(ProjectConfigurationPlatforms) = postSolution
		{591FF16D-1CCA-4796-8757-DEECC1F6F7F8}.Debug|Any CPU.ActiveCfg = Debug|Any CPU
		{591FF16D-1CCA-4796-8757-DEECC1F6F7F8}.Debug|Any CPU.Build.0 = Debug|Any CPU
		{591FF16D-1CCA-4796-8757-DEECC1F6F7F8}.Release|Any CPU.ActiveCfg = Release|Any CPU
		{591FF16D-1CCA-4796-8757-DEECC1F6F7F8}.Release|Any CPU.Build.0 = Release|Any CPU
	EndGlobalSection
	GlobalSection(SolutionProperties) = preSolution
		HideSolutionNode = FALSE
	EndGlobalSection
	GlobalSection(ExtensibilityGlobals) = postSolution
		SolutionGuid = {33ACE2D9-A848-48F7-9347-8699EEF8283B}
	EndGlobalSection
EndGlobal
